[[package]]
name = "colorama"
version = "0.4.4"
description = "Cross-platform colored terminal text."
category = "main"
optional = false
python-versions = ">=2.7, !=3.0.*, !=3.1.*, !=3.2.*, !=3.3.*, !=3.4.*"

[[package]]
name = "commonmark"
version = "0.9.1"
description = "Python parser for the CommonMark Markdown spec"
category = "main"
optional = false
python-versions = "*"

[package.extras]
test = ["flake8 (==3.7.8)", "hypothesis (==3.55.3)"]

[[package]]
name = "dunamai"
version = "1.5.5"
description = "Dynamic version generation"
category = "dev"
optional = false
python-versions = ">=3.5,<4.0"

[[package]]
name = "eko"
version = "0.7.1"
description = "Evolution Kernel Operator"
category = "main"
optional = false
python-versions = ">=3.7"

[package.dependencies]
lz4 = "*"
numba = "*"
numpy = "*"
pyyaml = "*"
scipy = "*"

[[package]]
name = "jinja2"
version = "3.0.1"
description = "A very fast and expressive template engine."
category = "dev"
optional = false
python-versions = ">=3.6"

[package.dependencies]
MarkupSafe = ">=2.0"

[package.extras]
i18n = ["Babel (>=2.7)"]

[[package]]
name = "llvmlite"
version = "0.36.0"
description = "lightweight wrapper around basic LLVM functionality"
category = "main"
optional = false
python-versions = ">=3.6,<3.10"

[[package]]
name = "lz4"
version = "3.1.3"
description = "LZ4 Bindings for Python"
category = "main"
optional = false
python-versions = ">=3.5"

[package.extras]
docs = ["sphinx (>=1.6.0)", "sphinx-bootstrap-theme"]
flake8 = ["flake8"]
tests = ["pytest (!=3.3.0)", "psutil", "pytest-cov"]

[[package]]
name = "markupsafe"
version = "2.0.1"
description = "Safely add untrusted strings to HTML/XML markup."
category = "dev"
optional = false
python-versions = ">=3.6"

[[package]]
name = "numba"
version = "0.53.1"
description = "compiling Python code using LLVM"
category = "main"
optional = false
python-versions = ">=3.6,<3.10"

[package.dependencies]
llvmlite = ">=0.36.0rc1,<0.37"
numpy = ">=1.15"

[[package]]
name = "numpy"
version = "1.21.0"
description = "NumPy is the fundamental package for array computing with Python."
category = "main"
optional = false
python-versions = ">=3.7"

[[package]]
name = "pandas"
version = "1.3.0"
description = "Powerful data structures for data analysis, time series, and statistics"
category = "main"
optional = false
python-versions = ">=3.7.1"

[package.dependencies]
numpy = ">=1.17.3"
python-dateutil = ">=2.7.3"
pytz = ">=2017.3"

[package.extras]
test = ["hypothesis (>=3.58)", "pytest (>=6.0)", "pytest-xdist"]

[[package]]
name = "pastel"
version = "0.2.1"
description = "Bring colors to your terminal."
category = "dev"
optional = false
python-versions = ">=2.7, !=3.0.*, !=3.1.*, !=3.2.*, !=3.3.*"

[[package]]
name = "poethepoet"
version = "0.10.0"
description = "A task runner that works well with poetry."
category = "dev"
optional = false
python-versions = ">=3.6,<4.0"

[package.dependencies]
pastel = ">=0.2.0,<0.3.0"
tomlkit = ">=0.6.0,<1.0.0"

[[package]]
name = "poetry-dynamic-versioning"
version = "0.13.0"
description = "Plugin for Poetry to enable dynamic versioning based on VCS tags"
category = "dev"
optional = false
python-versions = ">=3.5,<4.0"

[package.dependencies]
dunamai = ">=1.5,<2.0"
jinja2 = {version = ">=2.11.1,<4", markers = "python_version >= \"3.6\" and python_version < \"4.0\""}
tomlkit = ">=0.4"

[[package]]
name = "pygments"
version = "2.9.0"
description = "Pygments is a syntax highlighting package written in Python."
category = "main"
optional = false
python-versions = ">=3.5"

[[package]]
name = "python-dateutil"
version = "2.8.2"
description = "Extensions to the standard Python datetime module"
category = "main"
optional = false
python-versions = "!=3.0.*,!=3.1.*,!=3.2.*,>=2.7"

[package.dependencies]
six = ">=1.5"

[[package]]
name = "pytz"
version = "2021.1"
description = "World timezone definitions, modern and historical"
category = "main"
optional = false
python-versions = "*"

[[package]]
name = "pyyaml"
version = "5.4.1"
description = "YAML parser and emitter for Python"
category = "main"
optional = false
python-versions = ">=2.7, !=3.0.*, !=3.1.*, !=3.2.*, !=3.3.*, !=3.4.*, !=3.5.*"

[[package]]
name = "rich"
version = "10.6.0"
description = "Render rich text, tables, progress bars, syntax highlighting, markdown and more to the terminal"
category = "main"
optional = false
python-versions = ">=3.6,<4.0"

[package.dependencies]
colorama = ">=0.4.0,<0.5.0"
commonmark = ">=0.9.0,<0.10.0"
pygments = ">=2.6.0,<3.0.0"

[package.extras]
jupyter = ["ipywidgets (>=7.5.1,<8.0.0)"]

[[package]]
name = "scipy"
version = "1.7.0"
description = "SciPy: Scientific Library for Python"
category = "main"
optional = false
python-versions = ">=3.7,<3.10"

[package.dependencies]
numpy = ">=1.16.5,<1.23.0"

[[package]]
name = "six"
version = "1.16.0"
description = "Python 2 and 3 compatibility utilities"
category = "main"
optional = false
python-versions = ">=2.7, !=3.0.*, !=3.1.*, !=3.2.*"

[[package]]
name = "tomlkit"
version = "0.7.2"
description = "Style preserving TOML library"
category = "dev"
optional = false
python-versions = ">=2.7, !=3.0.*, !=3.1.*, !=3.2.*, !=3.3.*, !=3.4.*"

[metadata]
lock-version = "1.1"
python-versions = ">=3.8,<3.10"
content-hash = "a782a18886371519cef57361ca0fa6560f087592b4989ae4488e2f588b2a3a0b"

[metadata.files]
colorama = [
    {file = "colorama-0.4.4-py2.py3-none-any.whl", hash = "sha256:9f47eda37229f68eee03b24b9748937c7dc3868f906e8ba69fbcbdd3bc5dc3e2"},
    {file = "colorama-0.4.4.tar.gz", hash = "sha256:5941b2b48a20143d2267e95b1c2a7603ce057ee39fd88e7329b0c292aa16869b"},
]
commonmark = [
    {file = "commonmark-0.9.1-py2.py3-none-any.whl", hash = "sha256:da2f38c92590f83de410ba1a3cbceafbc74fee9def35f9251ba9a971d6d66fd9"},
    {file = "commonmark-0.9.1.tar.gz", hash = "sha256:452f9dc859be7f06631ddcb328b6919c67984aca654e5fefb3914d54691aed60"},
]
dunamai = [
    {file = "dunamai-1.5.5-py3-none-any.whl", hash = "sha256:525ac30db6ca4f8e48b9f198c2e8fbc2a9ce3ea189768361c621ea635212ee49"},
    {file = "dunamai-1.5.5.tar.gz", hash = "sha256:32f30db71e8fd1adeb42fac45c04433680e47a28298447cd30304e0bba95a7dd"},
]
eko = [
    {file = "eko-0.7.1-py3-none-any.whl", hash = "sha256:76dfd4c9e2bc528db79ad39490bb81744e3e0948c2069f964feadb705738ee30"},
]
jinja2 = [
    {file = "Jinja2-3.0.1-py3-none-any.whl", hash = "sha256:1f06f2da51e7b56b8f238affdd6b4e2c61e39598a378cc49345bc1bd42a978a4"},
    {file = "Jinja2-3.0.1.tar.gz", hash = "sha256:703f484b47a6af502e743c9122595cc812b0271f661722403114f71a79d0f5a4"},
]
llvmlite = [
    {file = "llvmlite-0.36.0-cp36-cp36m-macosx_10_9_x86_64.whl", hash = "sha256:cc0f9b9644b4ab0e4a5edb17f1531d791630c88858220d3cc688d6edf10da100"},
    {file = "llvmlite-0.36.0-cp36-cp36m-manylinux2010_i686.whl", hash = "sha256:f7918dbac02b1ebbfd7302ad8e8307d7877ab57d782d5f04b70ff9696b53c21b"},
    {file = "llvmlite-0.36.0-cp36-cp36m-manylinux2010_x86_64.whl", hash = "sha256:7768658646c418b9b3beccb7044277a608bc8c62b82a85e73c7e5c065e4157c2"},
    {file = "llvmlite-0.36.0-cp36-cp36m-win32.whl", hash = "sha256:05f807209a360d39526d98141b6f281b9c7c771c77a4d1fc22002440642c8de2"},
    {file = "llvmlite-0.36.0-cp36-cp36m-win_amd64.whl", hash = "sha256:d1fdd63c371626c25ad834e1c6297eb76cf2f093a40dbb401a87b6476ab4e34e"},
    {file = "llvmlite-0.36.0-cp37-cp37m-macosx_10_9_x86_64.whl", hash = "sha256:7c4e7066447305d5095d0b0a9cae7b835d2f0fde143456b3124110eab0856426"},
    {file = "llvmlite-0.36.0-cp37-cp37m-manylinux2010_i686.whl", hash = "sha256:9dad7e4bb042492914292aea3f4172eca84db731f9478250240955aedba95e08"},
    {file = "llvmlite-0.36.0-cp37-cp37m-manylinux2010_x86_64.whl", hash = "sha256:1ce5bc0a638d874a08d4222be0a7e48e5df305d094c2ff8dec525ef32b581551"},
    {file = "llvmlite-0.36.0-cp37-cp37m-win32.whl", hash = "sha256:dbedff0f6d417b374253a6bab39aa4b5364f1caab30c06ba8726904776fcf1cb"},
    {file = "llvmlite-0.36.0-cp37-cp37m-win_amd64.whl", hash = "sha256:3b17fc4b0dd17bd29d7297d054e2915fad535889907c3f65232ee21f483447c5"},
    {file = "llvmlite-0.36.0-cp38-cp38-macosx_10_9_x86_64.whl", hash = "sha256:b3a77e46e6053e2a86e607e87b97651dda81e619febb914824a927bff4e88737"},
    {file = "llvmlite-0.36.0-cp38-cp38-manylinux2010_i686.whl", hash = "sha256:048a7c117641c9be87b90005684e64a6f33ea0897ebab1df8a01214a10d6e79a"},
    {file = "llvmlite-0.36.0-cp38-cp38-manylinux2010_x86_64.whl", hash = "sha256:7db4b0eef93125af1c4092c64a3c73c7dc904101117ef53f8d78a1a499b8d5f4"},
    {file = "llvmlite-0.36.0-cp38-cp38-win32.whl", hash = "sha256:50b1828bde514b31431b2bba1aa20b387f5625b81ad6e12fede430a04645e47a"},
    {file = "llvmlite-0.36.0-cp38-cp38-win_amd64.whl", hash = "sha256:f608bae781b2d343e15e080c546468c5a6f35f57f0446923ea198dd21f23757e"},
    {file = "llvmlite-0.36.0-cp39-cp39-macosx_10_9_x86_64.whl", hash = "sha256:6a3abc8a8889aeb06bf9c4a7e5df5bc7bb1aa0aedd91a599813809abeec80b5a"},
    {file = "llvmlite-0.36.0-cp39-cp39-manylinux2010_i686.whl", hash = "sha256:705f0323d931684428bb3451549603299bb5e17dd60fb979d67c3807de0debc1"},
    {file = "llvmlite-0.36.0-cp39-cp39-manylinux2010_x86_64.whl", hash = "sha256:5a6548b4899facb182145147185e9166c69826fb424895f227e6b7cf924a8da1"},
    {file = "llvmlite-0.36.0-cp39-cp39-win32.whl", hash = "sha256:ff52fb9c2be66b95b0e67d56fce11038397e5be1ea410ee53f5f1175fdbb107a"},
    {file = "llvmlite-0.36.0-cp39-cp39-win_amd64.whl", hash = "sha256:1dee416ea49fd338c74ec15c0c013e5273b0961528169af06ff90772614f7f6c"},
    {file = "llvmlite-0.36.0.tar.gz", hash = "sha256:765128fdf5f149ed0b889ffbe2b05eb1717f8e20a5c87fa2b4018fbcce0fcfc9"},
]
lz4 = [
    {file = "lz4-3.1.3-cp36-cp36m-macosx_10_9_x86_64.whl", hash = "sha256:5aa4dd12debc5cb90980e6bb26be8b1586e57b87aaf6c773b9b799bca16edd99"},
    {file = "lz4-3.1.3-cp36-cp36m-manylinux1_i686.whl", hash = "sha256:7cf0e6e1020dbf8ea72ff57ece3f321f603cfa54f14337b96f7b68a7c1a742b4"},
    {file = "lz4-3.1.3-cp36-cp36m-manylinux1_x86_64.whl", hash = "sha256:af1bc2952214c5a3ec6706cb86bd3e321570c62136539d32e4a57da777b002f0"},
    {file = "lz4-3.1.3-cp36-cp36m-manylinux2010_i686.whl", hash = "sha256:57dbd50d6abeb85f8d273b9f24f0063c4b97aae07d267302101884611a2413da"},
    {file = "lz4-3.1.3-cp36-cp36m-manylinux2010_x86_64.whl", hash = "sha256:1f8320b7b047ec4ba9a7de3509a067ccaac84dab2cadf629d0518760594c3b6a"},
    {file = "lz4-3.1.3-cp36-cp36m-win32.whl", hash = "sha256:502d6dc17aca64e4dc95d6e7920dca906b5eabc1e657213bd07066c97fbc8cd3"},
    {file = "lz4-3.1.3-cp36-cp36m-win_amd64.whl", hash = "sha256:b91fbc9571d3f3fea587ce541f38a2e71ef192075b59c2846182cb98f99862a0"},
    {file = "lz4-3.1.3-cp37-cp37m-macosx_10_9_x86_64.whl", hash = "sha256:0f889e854114f87b5f99e8c82c9bf85417468b291b99a2cb27bcdcc864841a33"},
    {file = "lz4-3.1.3-cp37-cp37m-manylinux1_i686.whl", hash = "sha256:c41759a97ccac751f69e48f12671c2c3e5e1ae3000d3ee5dfe750b31511d1576"},
    {file = "lz4-3.1.3-cp37-cp37m-manylinux1_x86_64.whl", hash = "sha256:0acbc2b797fe3c51917011c8d7f6c99398ae33cc4a1ca23c3a246d60bbf56fc8"},
    {file = "lz4-3.1.3-cp37-cp37m-manylinux2010_i686.whl", hash = "sha256:c0a5f9b6962aaa4632e4385143a12f5b49ee8605a42589073e54c8f23ce111b2"},
    {file = "lz4-3.1.3-cp37-cp37m-manylinux2010_x86_64.whl", hash = "sha256:3c00b56fd9aef8d3f776653c92cec262d42b6ea144e9a41b58b8c22a85f90045"},
    {file = "lz4-3.1.3-cp37-cp37m-manylinux2014_aarch64.whl", hash = "sha256:4c3558f4b98adb7acee6f4b45edd848684daae6a92a5ff31f8071eb910779568"},
    {file = "lz4-3.1.3-cp37-cp37m-win32.whl", hash = "sha256:e3029738e64a0af1b04a32a39b32b0bba0e2088f61805e074c9a7e4bc212568f"},
    {file = "lz4-3.1.3-cp37-cp37m-win_amd64.whl", hash = "sha256:511c755d89048a2583ab88088fe451f7e3f15cde30560c058d80c9ac097dab21"},
    {file = "lz4-3.1.3-cp38-cp38-macosx_10_9_x86_64.whl", hash = "sha256:81b54fc66555fc7653467bf5b789d0e480ab88d17c858405e326d9c898baff2e"},
    {file = "lz4-3.1.3-cp38-cp38-manylinux1_i686.whl", hash = "sha256:57e5b0a818addacae254b9160a183122b6bc4737bc77c988b72e1c57bd22ed9e"},
    {file = "lz4-3.1.3-cp38-cp38-manylinux1_x86_64.whl", hash = "sha256:41a388a34eab3cca6180cdb179bd8fdfcf7fd1a569f0e9e6084ad0540a0d53a9"},
    {file = "lz4-3.1.3-cp38-cp38-manylinux2010_i686.whl", hash = "sha256:de2aac0cfda79c5a3eda9dbed21d78dc05c4a9ac00061748c3b57ea0e4a0b6a8"},
    {file = "lz4-3.1.3-cp38-cp38-manylinux2010_x86_64.whl", hash = "sha256:d6afa929d2c8afafd8b89e898498484b145a94cf3c140bb68094a94590ab2c2a"},
    {file = "lz4-3.1.3-cp38-cp38-manylinux2014_aarch64.whl", hash = "sha256:0a3b7eeb879577f2c7c0872156c70f4ddfbb023c1198e33d54422e24fa5494ae"},
    {file = "lz4-3.1.3-cp38-cp38-win32.whl", hash = "sha256:c25dffdb8ab9eb449aacf94ba45b3e6f573b38a1041be9370716cc68dea445a6"},
    {file = "lz4-3.1.3-cp38-cp38-win_amd64.whl", hash = "sha256:b4b56ae630a41980b6cf17a043b57691ff1f1677425b67556453fd96257b2a9b"},
    {file = "lz4-3.1.3-cp39-cp39-macosx_10_9_x86_64.whl", hash = "sha256:71f6f4dc48669ba3807a5cb5876048dc9b6467c3db312acf2040a61ea9487161"},
    {file = "lz4-3.1.3-cp39-cp39-manylinux1_i686.whl", hash = "sha256:408b2c1b65697d9bc6468c987977314acefc71573b996bd86190053ae7ffe8d1"},
    {file = "lz4-3.1.3-cp39-cp39-manylinux1_x86_64.whl", hash = "sha256:19d3b8dca0c18991ee243acf86932eb917f14e2e61dd34c7852a1088659d5499"},
    {file = "lz4-3.1.3-cp39-cp39-manylinux2010_i686.whl", hash = "sha256:d50c9584fb355d5d51414b802f7012578240bcb259550b48de628e19cd5bff6c"},
    {file = "lz4-3.1.3-cp39-cp39-manylinux2010_x86_64.whl", hash = "sha256:38266a6fa124e3ec2ce3ed6fd34f8e86b13c588f12b005873421afb295caee2d"},
    {file = "lz4-3.1.3-cp39-cp39-win32.whl", hash = "sha256:869734b6f0e8a19af10a75c769db179dcd3d867e29c29b3808ef884e76799071"},
    {file = "lz4-3.1.3-cp39-cp39-win_amd64.whl", hash = "sha256:37c23ca41040751649e0266f9f267c0148db12968a0a031272ee2a99cef7c753"},
    {file = "lz4-3.1.3.tar.gz", hash = "sha256:081ef0a3b5941cb03127f314229a1c78bd70c9c220bb3f4dd80033e707feaa18"},
]
markupsafe = [
    {file = "MarkupSafe-2.0.1-cp36-cp36m-macosx_10_9_x86_64.whl", hash = "sha256:f9081981fe268bd86831e5c75f7de206ef275defcb82bc70740ae6dc507aee51"},
    {file = "MarkupSafe-2.0.1-cp36-cp36m-manylinux1_i686.whl", hash = "sha256:0955295dd5eec6cb6cc2fe1698f4c6d84af2e92de33fbcac4111913cd100a6ff"},
    {file = "MarkupSafe-2.0.1-cp36-cp36m-manylinux1_x86_64.whl", hash = "sha256:0446679737af14f45767963a1a9ef7620189912317d095f2d9ffa183a4d25d2b"},
    {file = "MarkupSafe-2.0.1-cp36-cp36m-manylinux2010_i686.whl", hash = "sha256:f826e31d18b516f653fe296d967d700fddad5901ae07c622bb3705955e1faa94"},
    {file = "MarkupSafe-2.0.1-cp36-cp36m-manylinux2010_x86_64.whl", hash = "sha256:fa130dd50c57d53368c9d59395cb5526eda596d3ffe36666cd81a44d56e48872"},
    {file = "MarkupSafe-2.0.1-cp36-cp36m-manylinux2014_aarch64.whl", hash = "sha256:905fec760bd2fa1388bb5b489ee8ee5f7291d692638ea5f67982d968366bef9f"},
    {file = "MarkupSafe-2.0.1-cp36-cp36m-win32.whl", hash = "sha256:6c4ca60fa24e85fe25b912b01e62cb969d69a23a5d5867682dd3e80b5b02581d"},
    {file = "MarkupSafe-2.0.1-cp36-cp36m-win_amd64.whl", hash = "sha256:b2f4bf27480f5e5e8ce285a8c8fd176c0b03e93dcc6646477d4630e83440c6a9"},
    {file = "MarkupSafe-2.0.1-cp37-cp37m-macosx_10_9_x86_64.whl", hash = "sha256:0717a7390a68be14b8c793ba258e075c6f4ca819f15edfc2a3a027c823718567"},
    {file = "MarkupSafe-2.0.1-cp37-cp37m-manylinux1_i686.whl", hash = "sha256:6557b31b5e2c9ddf0de32a691f2312a32f77cd7681d8af66c2692efdbef84c18"},
    {file = "MarkupSafe-2.0.1-cp37-cp37m-manylinux1_x86_64.whl", hash = "sha256:49e3ceeabbfb9d66c3aef5af3a60cc43b85c33df25ce03d0031a608b0a8b2e3f"},
    {file = "MarkupSafe-2.0.1-cp37-cp37m-manylinux2010_i686.whl", hash = "sha256:d7f9850398e85aba693bb640262d3611788b1f29a79f0c93c565694658f4071f"},
    {file = "MarkupSafe-2.0.1-cp37-cp37m-manylinux2010_x86_64.whl", hash = "sha256:6a7fae0dd14cf60ad5ff42baa2e95727c3d81ded453457771d02b7d2b3f9c0c2"},
    {file = "MarkupSafe-2.0.1-cp37-cp37m-manylinux2014_aarch64.whl", hash = "sha256:b7f2d075102dc8c794cbde1947378051c4e5180d52d276987b8d28a3bd58c17d"},
    {file = "MarkupSafe-2.0.1-cp37-cp37m-win32.whl", hash = "sha256:a30e67a65b53ea0a5e62fe23682cfe22712e01f453b95233b25502f7c61cb415"},
    {file = "MarkupSafe-2.0.1-cp37-cp37m-win_amd64.whl", hash = "sha256:611d1ad9a4288cf3e3c16014564df047fe08410e628f89805e475368bd304914"},
    {file = "MarkupSafe-2.0.1-cp38-cp38-macosx_10_9_x86_64.whl", hash = "sha256:be98f628055368795d818ebf93da628541e10b75b41c559fdf36d104c5787066"},
    {file = "MarkupSafe-2.0.1-cp38-cp38-manylinux1_i686.whl", hash = "sha256:1d609f577dc6e1aa17d746f8bd3c31aa4d258f4070d61b2aa5c4166c1539de35"},
    {file = "MarkupSafe-2.0.1-cp38-cp38-manylinux1_x86_64.whl", hash = "sha256:7d91275b0245b1da4d4cfa07e0faedd5b0812efc15b702576d103293e252af1b"},
    {file = "MarkupSafe-2.0.1-cp38-cp38-manylinux2010_i686.whl", hash = "sha256:01a9b8ea66f1658938f65b93a85ebe8bc016e6769611be228d797c9d998dd298"},
    {file = "MarkupSafe-2.0.1-cp38-cp38-manylinux2010_x86_64.whl", hash = "sha256:47ab1e7b91c098ab893b828deafa1203de86d0bc6ab587b160f78fe6c4011f75"},
    {file = "MarkupSafe-2.0.1-cp38-cp38-manylinux2014_aarch64.whl", hash = "sha256:97383d78eb34da7e1fa37dd273c20ad4320929af65d156e35a5e2d89566d9dfb"},
    {file = "MarkupSafe-2.0.1-cp38-cp38-win32.whl", hash = "sha256:023cb26ec21ece8dc3907c0e8320058b2e0cb3c55cf9564da612bc325bed5e64"},
    {file = "MarkupSafe-2.0.1-cp38-cp38-win_amd64.whl", hash = "sha256:984d76483eb32f1bcb536dc27e4ad56bba4baa70be32fa87152832cdd9db0833"},
    {file = "MarkupSafe-2.0.1-cp39-cp39-macosx_10_9_universal2.whl", hash = "sha256:2ef54abee730b502252bcdf31b10dacb0a416229b72c18b19e24a4509f273d26"},
    {file = "MarkupSafe-2.0.1-cp39-cp39-macosx_10_9_x86_64.whl", hash = "sha256:3c112550557578c26af18a1ccc9e090bfe03832ae994343cfdacd287db6a6ae7"},
    {file = "MarkupSafe-2.0.1-cp39-cp39-manylinux1_i686.whl", hash = "sha256:53edb4da6925ad13c07b6d26c2a852bd81e364f95301c66e930ab2aef5b5ddd8"},
    {file = "MarkupSafe-2.0.1-cp39-cp39-manylinux1_x86_64.whl", hash = "sha256:f5653a225f31e113b152e56f154ccbe59eeb1c7487b39b9d9f9cdb58e6c79dc5"},
    {file = "MarkupSafe-2.0.1-cp39-cp39-manylinux2010_i686.whl", hash = "sha256:4efca8f86c54b22348a5467704e3fec767b2db12fc39c6d963168ab1d3fc9135"},
    {file = "MarkupSafe-2.0.1-cp39-cp39-manylinux2010_x86_64.whl", hash = "sha256:ab3ef638ace319fa26553db0624c4699e31a28bb2a835c5faca8f8acf6a5a902"},
    {file = "MarkupSafe-2.0.1-cp39-cp39-manylinux2014_aarch64.whl", hash = "sha256:f8ba0e8349a38d3001fae7eadded3f6606f0da5d748ee53cc1dab1d6527b9509"},
    {file = "MarkupSafe-2.0.1-cp39-cp39-win32.whl", hash = "sha256:10f82115e21dc0dfec9ab5c0223652f7197feb168c940f3ef61563fc2d6beb74"},
    {file = "MarkupSafe-2.0.1-cp39-cp39-win_amd64.whl", hash = "sha256:693ce3f9e70a6cf7d2fb9e6c9d8b204b6b39897a2c4a1aa65728d5ac97dcc1d8"},
    {file = "MarkupSafe-2.0.1.tar.gz", hash = "sha256:594c67807fb16238b30c44bdf74f36c02cdf22d1c8cda91ef8a0ed8dabf5620a"},
]
numba = [
    {file = "numba-0.53.1-cp36-cp36m-macosx_10_14_x86_64.whl", hash = "sha256:b23de6b6837c132087d06b8b92d343edb54b885873b824a037967fbd5272ebb7"},
    {file = "numba-0.53.1-cp36-cp36m-manylinux2014_i686.whl", hash = "sha256:6545b9e9b0c112b81de7f88a3c787469a357eeff8211e90b8f45ee243d521cc2"},
    {file = "numba-0.53.1-cp36-cp36m-manylinux2014_x86_64.whl", hash = "sha256:8fa5c963a43855050a868106a87cd614f3c3f459951c8fc468aec263ef80d063"},
    {file = "numba-0.53.1-cp36-cp36m-win32.whl", hash = "sha256:aaa6ebf56afb0b6752607b9f3bf39e99b0efe3c1fa6849698373925ee6838fd7"},
    {file = "numba-0.53.1-cp36-cp36m-win_amd64.whl", hash = "sha256:b08b3df38aab769df79ed948d70f0a54a3cdda49d58af65369235c204ec5d0f3"},
    {file = "numba-0.53.1-cp37-cp37m-macosx_10_14_x86_64.whl", hash = "sha256:bf5c463b62d013e3f709cc8277adf2f4f4d8cc6757293e29c6db121b77e6b760"},
    {file = "numba-0.53.1-cp37-cp37m-manylinux2014_i686.whl", hash = "sha256:74df02e73155f669e60dcff07c4eef4a03dbf5b388594db74142ab40914fe4f5"},
    {file = "numba-0.53.1-cp37-cp37m-manylinux2014_x86_64.whl", hash = "sha256:5165709bf62f28667e10b9afe6df0ce1037722adab92d620f59cb8bbb8104641"},
    {file = "numba-0.53.1-cp37-cp37m-win32.whl", hash = "sha256:2e96958ed2ca7e6d967b2ce29c8da0ca47117e1de28e7c30b2c8c57386506fa5"},
    {file = "numba-0.53.1-cp37-cp37m-win_amd64.whl", hash = "sha256:276f9d1674fe08d95872d81b97267c6b39dd830f05eb992608cbede50fcf48a9"},
    {file = "numba-0.53.1-cp38-cp38-macosx_10_14_x86_64.whl", hash = "sha256:4c4c8d102512ae472af52c76ad9522da718c392cb59f4cd6785d711fa5051a2a"},
    {file = "numba-0.53.1-cp38-cp38-manylinux2014_i686.whl", hash = "sha256:691adbeac17dbdf6ed7c759e9e33a522351f07d2065fe926b264b6b2c15fd89b"},
    {file = "numba-0.53.1-cp38-cp38-manylinux2014_x86_64.whl", hash = "sha256:94aab3e0e9e8754116325ce026e1b29ae72443c706a3104cf7f3368dc3012912"},
    {file = "numba-0.53.1-cp38-cp38-win32.whl", hash = "sha256:aabeec89bb3e3162136eea492cea7ee8882ddcda2201f05caecdece192c40896"},
    {file = "numba-0.53.1-cp38-cp38-win_amd64.whl", hash = "sha256:1895ebd256819ff22256cd6fe24aa8f7470b18acc73e7917e8e93c9ac7f565dc"},
    {file = "numba-0.53.1-cp39-cp39-macosx_10_14_x86_64.whl", hash = "sha256:224d197a46a9e602a16780d87636e199e2cdef528caef084a4d8fd8909c2455c"},
    {file = "numba-0.53.1-cp39-cp39-manylinux2014_i686.whl", hash = "sha256:aba7acb247a09d7f12bd17a8e28bbb04e8adef9fc20ca29835d03b7894e1b49f"},
    {file = "numba-0.53.1-cp39-cp39-manylinux2014_x86_64.whl", hash = "sha256:bd126f1f49da6fc4b3169cf1d96f1c3b3f84a7badd11fe22da344b923a00e744"},
    {file = "numba-0.53.1-cp39-cp39-win32.whl", hash = "sha256:0ef9d1f347b251282ae46e5a5033600aa2d0dfa1ee8c16cb8137b8cd6f79e221"},
    {file = "numba-0.53.1-cp39-cp39-win_amd64.whl", hash = "sha256:17146885cbe4e89c9d4abd4fcb8886dee06d4591943dc4343500c36ce2fcfa69"},
    {file = "numba-0.53.1.tar.gz", hash = "sha256:9cd4e5216acdc66c4e9dab2dfd22ddb5bef151185c070d4a3cd8e78638aff5b0"},
]
numpy = [
    {file = "numpy-1.21.0-cp37-cp37m-macosx_10_9_x86_64.whl", hash = "sha256:d5caa946a9f55511e76446e170bdad1d12d6b54e17a2afe7b189112ed4412bb8"},
    {file = "numpy-1.21.0-cp37-cp37m-manylinux_2_12_i686.manylinux2010_i686.whl", hash = "sha256:ac4fd578322842dbda8d968e3962e9f22e862b6ec6e3378e7415625915e2da4d"},
    {file = "numpy-1.21.0-cp37-cp37m-manylinux_2_12_x86_64.manylinux2010_x86_64.whl", hash = "sha256:598fe100b2948465cf3ed64b1a326424b5e4be2670552066e17dfaa67246011d"},
    {file = "numpy-1.21.0-cp37-cp37m-manylinux_2_17_aarch64.manylinux2014_aarch64.whl", hash = "sha256:7c55407f739f0bfcec67d0df49103f9333edc870061358ac8a8c9e37ea02fcd2"},
    {file = "numpy-1.21.0-cp37-cp37m-manylinux_2_5_i686.manylinux1_i686.whl", hash = "sha256:75579acbadbf74e3afd1153da6177f846212ea2a0cc77de53523ae02c9256513"},
    {file = "numpy-1.21.0-cp37-cp37m-manylinux_2_5_x86_64.manylinux1_x86_64.whl", hash = "sha256:cc367c86eb87e5b7c9592935620f22d13b090c609f1b27e49600cd033b529f54"},
    {file = "numpy-1.21.0-cp37-cp37m-win32.whl", hash = "sha256:d89b0dc7f005090e32bb4f9bf796e1dcca6b52243caf1803fdd2b748d8561f63"},
    {file = "numpy-1.21.0-cp37-cp37m-win_amd64.whl", hash = "sha256:eda2829af498946c59d8585a9fd74da3f810866e05f8df03a86f70079c7531dd"},
    {file = "numpy-1.21.0-cp38-cp38-macosx_10_9_universal2.whl", hash = "sha256:1a784e8ff7ea2a32e393cc53eb0003eca1597c7ca628227e34ce34eb11645a0e"},
    {file = "numpy-1.21.0-cp38-cp38-macosx_10_9_x86_64.whl", hash = "sha256:bba474a87496d96e61461f7306fba2ebba127bed7836212c360f144d1e72ac54"},
    {file = "numpy-1.21.0-cp38-cp38-macosx_11_0_arm64.whl", hash = "sha256:fd0a359c1c17f00cb37de2969984a74320970e0ceef4808c32e00773b06649d9"},
    {file = "numpy-1.21.0-cp38-cp38-manylinux_2_12_i686.manylinux2010_i686.whl", hash = "sha256:e4d5a86a5257843a18fb1220c5f1c199532bc5d24e849ed4b0289fb59fbd4d8f"},
    {file = "numpy-1.21.0-cp38-cp38-manylinux_2_12_x86_64.manylinux2010_x86_64.whl", hash = "sha256:620732f42259eb2c4642761bd324462a01cdd13dd111740ce3d344992dd8492f"},
    {file = "numpy-1.21.0-cp38-cp38-manylinux_2_17_aarch64.manylinux2014_aarch64.whl", hash = "sha256:b9205711e5440954f861ceeea8f1b415d7dd15214add2e878b4d1cf2bcb1a914"},
    {file = "numpy-1.21.0-cp38-cp38-manylinux_2_5_i686.manylinux1_i686.whl", hash = "sha256:ad09f55cc95ed8d80d8ab2052f78cc21cb231764de73e229140d81ff49d8145e"},
    {file = "numpy-1.21.0-cp38-cp38-manylinux_2_5_x86_64.manylinux1_x86_64.whl", hash = "sha256:a1f2fb2da242568af0271455b89aee0f71e4e032086ee2b4c5098945d0e11cf6"},
    {file = "numpy-1.21.0-cp38-cp38-win32.whl", hash = "sha256:e58ddb53a7b4959932f5582ac455ff90dcb05fac3f8dcc8079498d43afbbde6c"},
    {file = "numpy-1.21.0-cp38-cp38-win_amd64.whl", hash = "sha256:d2910d0a075caed95de1a605df00ee03b599de5419d0b95d55342e9a33ad1fb3"},
    {file = "numpy-1.21.0-cp39-cp39-macosx_10_9_universal2.whl", hash = "sha256:a290989cd671cd0605e9c91a70e6df660f73ae87484218e8285c6522d29f6e38"},
    {file = "numpy-1.21.0-cp39-cp39-macosx_10_9_x86_64.whl", hash = "sha256:3537b967b350ad17633b35c2f4b1a1bbd258c018910b518c30b48c8e41272717"},
    {file = "numpy-1.21.0-cp39-cp39-macosx_11_0_arm64.whl", hash = "sha256:ccc6c650f8700ce1e3a77668bb7c43e45c20ac06ae00d22bdf6760b38958c883"},
    {file = "numpy-1.21.0-cp39-cp39-manylinux_2_12_i686.manylinux2010_i686.whl", hash = "sha256:709884863def34d72b183d074d8ba5cfe042bc3ff8898f1ffad0209161caaa99"},
    {file = "numpy-1.21.0-cp39-cp39-manylinux_2_12_x86_64.manylinux2010_x86_64.whl", hash = "sha256:bebab3eaf0641bba26039fb0b2c5bf9b99407924b53b1ea86e03c32c64ef5aef"},
    {file = "numpy-1.21.0-cp39-cp39-manylinux_2_17_aarch64.manylinux2014_aarch64.whl", hash = "sha256:cf680682ad0a3bef56dae200dbcbac2d57294a73e5b0f9864955e7dd7c2c2491"},
    {file = "numpy-1.21.0-cp39-cp39-win32.whl", hash = "sha256:d95d16204cd51ff1a1c8d5f9958ce90ae190be81d348b514f9be39f878b8044a"},
    {file = "numpy-1.21.0-cp39-cp39-win_amd64.whl", hash = "sha256:2ba579dde0563f47021dcd652253103d6fd66165b18011dce1a0609215b2791e"},
    {file = "numpy-1.21.0-pp37-pypy37_pp73-manylinux_2_12_x86_64.manylinux2010_x86_64.whl", hash = "sha256:3c40e6b860220ed862e8097b8f81c9af6d7405b723f4a7af24a267b46f90e461"},
    {file = "numpy-1.21.0.zip", hash = "sha256:e80fe25cba41c124d04c662f33f6364909b985f2eb5998aaa5ae4b9587242cce"},
]
pandas = [
    {file = "pandas-1.3.0-cp37-cp37m-macosx_10_9_x86_64.whl", hash = "sha256:c81b8d91e9ae861eb4406b4e0f8d4dabbc105b9c479b3d1e921fba1d35b5b62a"},
    {file = "pandas-1.3.0-cp37-cp37m-manylinux_2_17_aarch64.manylinux2014_aarch64.whl", hash = "sha256:08eeff3da6a188e24db7f292b39a8ca9e073bf841fbbeadb946b3ad5c19d843e"},
    {file = "pandas-1.3.0-cp37-cp37m-manylinux_2_5_i686.manylinux1_i686.whl", hash = "sha256:88864c1e28353b958b1f30e4193818519624ad9a1776921622a6a2a016d5d807"},
    {file = "pandas-1.3.0-cp37-cp37m-manylinux_2_5_x86_64.manylinux1_x86_64.whl", hash = "sha256:872aa91e0f9ca913046ab639d4181a899f5e592030d954d28c2529b88756a736"},
    {file = "pandas-1.3.0-cp37-cp37m-win32.whl", hash = "sha256:92835113a67cbd34747c198d41f09f4b63f6fe11ca5643baebc7ab1e30e89e95"},
    {file = "pandas-1.3.0-cp37-cp37m-win_amd64.whl", hash = "sha256:7d3cd2c99faa94d717ca00ea489264a291ad7209453dffbf059bfb7971fd3a61"},
    {file = "pandas-1.3.0-cp38-cp38-macosx_10_9_x86_64.whl", hash = "sha256:823737830364d0e2af8c3912a28ba971296181a07950873492ed94e12d28c405"},
    {file = "pandas-1.3.0-cp38-cp38-manylinux_2_17_aarch64.manylinux2014_aarch64.whl", hash = "sha256:c746876cdd8380be0c3e70966d4566855901ac9aaa5e4b9ccaa5ca5311457d11"},
    {file = "pandas-1.3.0-cp38-cp38-manylinux_2_5_i686.manylinux1_i686.whl", hash = "sha256:fe7a549d10ca534797095586883a5c17d140d606747591258869c56e14d1b457"},
    {file = "pandas-1.3.0-cp38-cp38-manylinux_2_5_x86_64.manylinux1_x86_64.whl", hash = "sha256:f058c786e7b0a9e7fa5e0b9f4422e0ccdd3bf3aa3053c18d77ed2a459bd9a45a"},
    {file = "pandas-1.3.0-cp38-cp38-win32.whl", hash = "sha256:98efc2d4983d5bb47662fe2d97b2c81b91566cb08b266490918b9c7d74a5ef64"},
    {file = "pandas-1.3.0-cp38-cp38-win_amd64.whl", hash = "sha256:e6b75091fa54a53db3927b4d1bc997c23c5ba6f87acdfe1ee5a92c38c6b2ed6a"},
    {file = "pandas-1.3.0-cp39-cp39-macosx_10_9_x86_64.whl", hash = "sha256:1ff13eed501e07e7fb26a4ea18a846b6e5d7de549b497025601fd9ccb7c1d123"},
    {file = "pandas-1.3.0-cp39-cp39-manylinux_2_17_aarch64.manylinux2014_aarch64.whl", hash = "sha256:798675317d0e4863a92a9a6bc5bd2490b5f6fef8c17b95f29e2e33f28bef9eca"},
    {file = "pandas-1.3.0-cp39-cp39-manylinux_2_5_i686.manylinux1_i686.whl", hash = "sha256:ed4fc66f23fe17c93a5d439230ca2d6b5f8eac7154198d327dbe8a16d98f3f10"},
    {file = "pandas-1.3.0-cp39-cp39-manylinux_2_5_x86_64.manylinux1_x86_64.whl", hash = "sha256:522bfea92f3ef6207cadc7428bda1e7605dae0383b8065030e7b5d0266717b48"},
    {file = "pandas-1.3.0-cp39-cp39-win32.whl", hash = "sha256:7897326cae660eee69d501cbfa950281a193fcf407393965e1bc07448e1cc35a"},
    {file = "pandas-1.3.0-cp39-cp39-win_amd64.whl", hash = "sha256:b10d7910ae9d7920a5ff7816d794d99acbc361f7b16a0f017d4fa83ced8cb55e"},
    {file = "pandas-1.3.0.tar.gz", hash = "sha256:c554e6c9cf2d5ea1aba5979cc837b3649539ced0e18ece186f055450c86622e2"},
]
pastel = [
    {file = "pastel-0.2.1-py2.py3-none-any.whl", hash = "sha256:4349225fcdf6c2bb34d483e523475de5bb04a5c10ef711263452cb37d7dd4364"},
    {file = "pastel-0.2.1.tar.gz", hash = "sha256:e6581ac04e973cac858828c6202c1e1e81fee1dc7de7683f3e1ffe0bfd8a573d"},
]
poethepoet = [
    {file = "poethepoet-0.10.0-py3-none-any.whl", hash = "sha256:6fb3021603d4421c6fcc40072bbcf150a6c52ef70ff4d3be089b8b04e015ef5a"},
    {file = "poethepoet-0.10.0.tar.gz", hash = "sha256:70b97cb194b978dc464c70793e85e6f746cddf82b84a38bfb135946ad71ae19c"},
]
poetry-dynamic-versioning = [
    {file = "poetry-dynamic-versioning-0.13.0.tar.gz", hash = "sha256:52e64165c811573e719b43310a09416c894afa6662a4035de5d888199ee49760"},
    {file = "poetry_dynamic_versioning-0.13.0-py3-none-any.whl", hash = "sha256:46754061380ac772f49f60036471223804edc5a07b6aaee96e0a0793b1efae6a"},
]
pygments = [
    {file = "Pygments-2.9.0-py3-none-any.whl", hash = "sha256:d66e804411278594d764fc69ec36ec13d9ae9147193a1740cd34d272ca383b8e"},
    {file = "Pygments-2.9.0.tar.gz", hash = "sha256:a18f47b506a429f6f4b9df81bb02beab9ca21d0a5fee38ed15aef65f0545519f"},
]
python-dateutil = [
    {file = "python-dateutil-2.8.2.tar.gz", hash = "sha256:0123cacc1627ae19ddf3c27a5de5bd67ee4586fbdd6440d9748f8abb483d3e86"},
    {file = "python_dateutil-2.8.2-py2.py3-none-any.whl", hash = "sha256:961d03dc3453ebbc59dbdea9e4e11c5651520a876d0f4db161e8674aae935da9"},
]
pytz = [
    {file = "pytz-2021.1-py2.py3-none-any.whl", hash = "sha256:eb10ce3e7736052ed3623d49975ce333bcd712c7bb19a58b9e2089d4057d0798"},
    {file = "pytz-2021.1.tar.gz", hash = "sha256:83a4a90894bf38e243cf052c8b58f381bfe9a7a483f6a9cab140bc7f702ac4da"},
]
pyyaml = [
    {file = "PyYAML-5.4.1-cp27-cp27m-macosx_10_9_x86_64.whl", hash = "sha256:3b2b1824fe7112845700f815ff6a489360226a5609b96ec2190a45e62a9fc922"},
    {file = "PyYAML-5.4.1-cp27-cp27m-win32.whl", hash = "sha256:129def1b7c1bf22faffd67b8f3724645203b79d8f4cc81f674654d9902cb4393"},
    {file = "PyYAML-5.4.1-cp27-cp27m-win_amd64.whl", hash = "sha256:4465124ef1b18d9ace298060f4eccc64b0850899ac4ac53294547536533800c8"},
    {file = "PyYAML-5.4.1-cp27-cp27mu-manylinux1_x86_64.whl", hash = "sha256:bb4191dfc9306777bc594117aee052446b3fa88737cd13b7188d0e7aa8162185"},
    {file = "PyYAML-5.4.1-cp36-cp36m-macosx_10_9_x86_64.whl", hash = "sha256:6c78645d400265a062508ae399b60b8c167bf003db364ecb26dcab2bda048253"},
    {file = "PyYAML-5.4.1-cp36-cp36m-manylinux1_x86_64.whl", hash = "sha256:4e0583d24c881e14342eaf4ec5fbc97f934b999a6828693a99157fde912540cc"},
    {file = "PyYAML-5.4.1-cp36-cp36m-manylinux2014_aarch64.whl", hash = "sha256:72a01f726a9c7851ca9bfad6fd09ca4e090a023c00945ea05ba1638c09dc3347"},
    {file = "PyYAML-5.4.1-cp36-cp36m-manylinux2014_s390x.whl", hash = "sha256:895f61ef02e8fed38159bb70f7e100e00f471eae2bc838cd0f4ebb21e28f8541"},
    {file = "PyYAML-5.4.1-cp36-cp36m-win32.whl", hash = "sha256:3bd0e463264cf257d1ffd2e40223b197271046d09dadf73a0fe82b9c1fc385a5"},
    {file = "PyYAML-5.4.1-cp36-cp36m-win_amd64.whl", hash = "sha256:e4fac90784481d221a8e4b1162afa7c47ed953be40d31ab4629ae917510051df"},
    {file = "PyYAML-5.4.1-cp37-cp37m-macosx_10_9_x86_64.whl", hash = "sha256:5accb17103e43963b80e6f837831f38d314a0495500067cb25afab2e8d7a4018"},
    {file = "PyYAML-5.4.1-cp37-cp37m-manylinux1_x86_64.whl", hash = "sha256:e1d4970ea66be07ae37a3c2e48b5ec63f7ba6804bdddfdbd3cfd954d25a82e63"},
    {file = "PyYAML-5.4.1-cp37-cp37m-manylinux2014_aarch64.whl", hash = "sha256:cb333c16912324fd5f769fff6bc5de372e9e7a202247b48870bc251ed40239aa"},
    {file = "PyYAML-5.4.1-cp37-cp37m-manylinux2014_s390x.whl", hash = "sha256:fe69978f3f768926cfa37b867e3843918e012cf83f680806599ddce33c2c68b0"},
    {file = "PyYAML-5.4.1-cp37-cp37m-win32.whl", hash = "sha256:dd5de0646207f053eb0d6c74ae45ba98c3395a571a2891858e87df7c9b9bd51b"},
    {file = "PyYAML-5.4.1-cp37-cp37m-win_amd64.whl", hash = "sha256:08682f6b72c722394747bddaf0aa62277e02557c0fd1c42cb853016a38f8dedf"},
    {file = "PyYAML-5.4.1-cp38-cp38-macosx_10_9_x86_64.whl", hash = "sha256:d2d9808ea7b4af864f35ea216be506ecec180628aced0704e34aca0b040ffe46"},
    {file = "PyYAML-5.4.1-cp38-cp38-manylinux1_x86_64.whl", hash = "sha256:8c1be557ee92a20f184922c7b6424e8ab6691788e6d86137c5d93c1a6ec1b8fb"},
    {file = "PyYAML-5.4.1-cp38-cp38-manylinux2014_aarch64.whl", hash = "sha256:fd7f6999a8070df521b6384004ef42833b9bd62cfee11a09bda1079b4b704247"},
    {file = "PyYAML-5.4.1-cp38-cp38-manylinux2014_s390x.whl", hash = "sha256:bfb51918d4ff3d77c1c856a9699f8492c612cde32fd3bcd344af9be34999bfdc"},
    {file = "PyYAML-5.4.1-cp38-cp38-win32.whl", hash = "sha256:fa5ae20527d8e831e8230cbffd9f8fe952815b2b7dae6ffec25318803a7528fc"},
    {file = "PyYAML-5.4.1-cp38-cp38-win_amd64.whl", hash = "sha256:0f5f5786c0e09baddcd8b4b45f20a7b5d61a7e7e99846e3c799b05c7c53fa696"},
    {file = "PyYAML-5.4.1-cp39-cp39-macosx_10_9_x86_64.whl", hash = "sha256:294db365efa064d00b8d1ef65d8ea2c3426ac366c0c4368d930bf1c5fb497f77"},
    {file = "PyYAML-5.4.1-cp39-cp39-manylinux1_x86_64.whl", hash = "sha256:74c1485f7707cf707a7aef42ef6322b8f97921bd89be2ab6317fd782c2d53183"},
    {file = "PyYAML-5.4.1-cp39-cp39-manylinux2014_aarch64.whl", hash = "sha256:d483ad4e639292c90170eb6f7783ad19490e7a8defb3e46f97dfe4bacae89122"},
    {file = "PyYAML-5.4.1-cp39-cp39-manylinux2014_s390x.whl", hash = "sha256:fdc842473cd33f45ff6bce46aea678a54e3d21f1b61a7750ce3c498eedfe25d6"},
    {file = "PyYAML-5.4.1-cp39-cp39-win32.whl", hash = "sha256:49d4cdd9065b9b6e206d0595fee27a96b5dd22618e7520c33204a4a3239d5b10"},
    {file = "PyYAML-5.4.1-cp39-cp39-win_amd64.whl", hash = "sha256:c20cfa2d49991c8b4147af39859b167664f2ad4561704ee74c1de03318e898db"},
    {file = "PyYAML-5.4.1.tar.gz", hash = "sha256:607774cbba28732bfa802b54baa7484215f530991055bb562efbed5b2f20a45e"},
]
rich = [
    {file = "rich-10.6.0-py3-none-any.whl", hash = "sha256:d3f72827cd5df13b2ef7f1a97f81ec65548d4fdeb92cef653234f227580bbb2a"},
    {file = "rich-10.6.0.tar.gz", hash = "sha256:128261b3e2419a4ef9c97066ccc2abbfb49fa7c5e89c3fe4056d00aa5e9c1e65"},
]
scipy = [
    {file = "scipy-1.7.0-cp37-cp37m-macosx_10_9_x86_64.whl", hash = "sha256:821e75f5c16cd7b0ab0ffe7eb9917e5af7b48c25306b4777287de8d792a5f7f3"},
    {file = "scipy-1.7.0-cp37-cp37m-manylinux_2_17_aarch64.manylinux2014_aarch64.whl", hash = "sha256:3e7df79b42c3015058a5554bfeab6fd4c9906c46560c9ddebb5c652840f3e182"},
    {file = "scipy-1.7.0-cp37-cp37m-manylinux_2_5_i686.manylinux1_i686.whl", hash = "sha256:0572256c10ddd058e3d315c555538671ddb2737f27eb56189bfbc3483391403f"},
    {file = "scipy-1.7.0-cp37-cp37m-manylinux_2_5_x86_64.manylinux1_x86_64.whl", hash = "sha256:b77ee5e3a9507622e7f98b16122242a3903397f98d1fe3bc269d904a9025e2bc"},
    {file = "scipy-1.7.0-cp37-cp37m-win32.whl", hash = "sha256:53116abd5060a5b4a58489cf689bee259b779e6b7ecd4ce366e7147aa7c9626e"},
    {file = "scipy-1.7.0-cp37-cp37m-win_amd64.whl", hash = "sha256:e7b733d4d98e604109715e11f2ab9340eb45d53f803634ed730039070fc3bc11"},
    {file = "scipy-1.7.0-cp38-cp38-macosx_10_9_x86_64.whl", hash = "sha256:4ef3d4df8af40cb6f4d4eaf7b02780109ebabeec334cda26a7899ec9d8de9176"},
    {file = "scipy-1.7.0-cp38-cp38-manylinux_2_17_aarch64.manylinux2014_aarch64.whl", hash = "sha256:bd4399d4388ca0239a4825e312b3e61b60f743dd6daf49e5870837716502a92a"},
    {file = "scipy-1.7.0-cp38-cp38-manylinux_2_5_i686.manylinux1_i686.whl", hash = "sha256:80df8af7039bce92fb4cd1ceb056258631b11b3c627384e2d29bb48d44c0cae7"},
    {file = "scipy-1.7.0-cp38-cp38-manylinux_2_5_x86_64.manylinux1_x86_64.whl", hash = "sha256:6130e22bf6ee506f7cddde7e0515296d97eb6c6c94f7ef5103c2b77aec5833a7"},
    {file = "scipy-1.7.0-cp38-cp38-win32.whl", hash = "sha256:97ca4552ace1c313707058e774609af59644321e278c3a539322fab2fb09b943"},
    {file = "scipy-1.7.0-cp38-cp38-win_amd64.whl", hash = "sha256:c5d012cb82cc1dcfa72609abaabb4a4ed8113e3e8ac43464508a418c146be57d"},
    {file = "scipy-1.7.0-cp39-cp39-macosx_10_9_x86_64.whl", hash = "sha256:5eb8f054eebb351af7490bbb57465ba9662c4e16e1786655c6c7ed530eb9a74e"},
    {file = "scipy-1.7.0-cp39-cp39-manylinux_2_17_aarch64.manylinux2014_aarch64.whl", hash = "sha256:7f4b89c223bd09460b52b669e2e642cab73c28855b540e6ed029692546a86f8d"},
    {file = "scipy-1.7.0-cp39-cp39-manylinux_2_5_i686.manylinux1_i686.whl", hash = "sha256:2e685fdbfa5b989af4338b29c408b9157ea6addec15d661104c437980c292be5"},
    {file = "scipy-1.7.0-cp39-cp39-manylinux_2_5_x86_64.manylinux1_x86_64.whl", hash = "sha256:3595c8b64970c9e5a3f137fa1a9eb64da417e78fb7991d0b098b18a00b776d88"},
    {file = "scipy-1.7.0-cp39-cp39-win32.whl", hash = "sha256:5a983d3cebc27294897951a494cebd78af2eae37facf75d9e4ad4f1f62229860"},
    {file = "scipy-1.7.0-cp39-cp39-win_amd64.whl", hash = "sha256:aef6e922aea6f2e6bbb539b413c85210a9ee32757535b84204ebd22723e69704"},
    {file = "scipy-1.7.0.tar.gz", hash = "sha256:998c5e6ea649489302de2c0bc026ed34284f531df89d2bdc8df3a0d44d165739"},
]
six = [
    {file = "six-1.16.0-py2.py3-none-any.whl", hash = "sha256:8abb2f1d86890a2dfb989f9a77cfcfd3e47c2a354b01111771326f8aa26e0254"},
    {file = "six-1.16.0.tar.gz", hash = "sha256:1e61c37477a1626458e36f7b1d82aa5c9b094fa4802892072e49de9c60c4c926"},
]
tomlkit = [
    {file = "tomlkit-0.7.2-py2.py3-none-any.whl", hash = "sha256:173ad840fa5d2aac140528ca1933c29791b79a374a0861a80347f42ec9328117"},
    {file = "tomlkit-0.7.2.tar.gz", hash = "sha256:d7a454f319a7e9bd2e249f239168729327e4dd2d27b17dc68be264ad1ce36754"},
]
